
Microsoft Visual Studio Solution File, Format Version 12.00
# Visual Studio 14
VisualStudioVersion = 14.0.25123.0
MinimumVisualStudioVersion = 10.0.40219.1
Project("{FAE04EC0-301F-11D3-BF4B-00C04F79EFBC}") = "For_Task1", "For_Task1.csproj", "{38FD917B-D6BB-4318-AC4C-54CB0C0BC725}"
EndProject
Global
	GlobalSection(SolutionConfigurationPlatforms) = preSolution
		Debug|Any CPU = Debug|Any CPU
		Release|Any CPU = Release|Any CPU
	EndGlobalSection
	GlobalSection(ProjectConfigurationPlatforms) = postSolution
		{38FD917B-D6BB-4318-AC4C-54CB0C0BC725}.Debug|Any CPU.ActiveCfg = Debug|Any CPU
		{38FD917B-D6BB-4318-AC4C-54CB0C0BC725}.Debug|Any CPU.Build.0 = Debug|Any CPU
		{38FD917B-D6BB-4318-AC4C-54CB0C0BC725}.Release|Any CPU.ActiveCfg = Release|Any CPU
		{38FD917B-D6BB-4318-AC4C-54CB0C0BC725}.Release|Any CPU.Build.0 = Release|Any CPU
	EndGlobalSection
	GlobalSection(SolutionProperties) = preSolution
		HideSolutionNode = FALSE
	EndGlobalSection
EndGlobal
