
Microsoft Visual Studio Solution File, Format Version 12.00
# Visual Studio 14
VisualStudioVersion = 14.0.25123.0
MinimumVisualStudioVersion = 10.0.40219.1
Project("{FAE04EC0-301F-11D3-BF4B-00C04F79EFBC}") = "flowCards", "flowCards.csproj", "{50B37ABB-E1B6-4D49-A9FD-18A64A41636D}"
EndProject
Global
	GlobalSection(SolutionConfigurationPlatforms) = preSolution
		Debug|Any CPU = Debug|Any CPU
		Release|Any CPU = Release|Any CPU
	EndGlobalSection
	GlobalSection(ProjectConfigurationPlatforms) = postSolution
		{50B37ABB-E1B6-4D49-A9FD-18A64A41636D}.Debug|Any CPU.ActiveCfg = Debug|Any CPU
		{50B37ABB-E1B6-4D49-A9FD-18A64A41636D}.Debug|Any CPU.Build.0 = Debug|Any CPU
		{50B37ABB-E1B6-4D49-A9FD-18A64A41636D}.Release|Any CPU.ActiveCfg = Release|Any CPU
		{50B37ABB-E1B6-4D49-A9FD-18A64A41636D}.Release|Any CPU.Build.0 = Release|Any CPU
	EndGlobalSection
	GlobalSection(SolutionProperties) = preSolution
		HideSolutionNode = FALSE
	EndGlobalSection
EndGlobal
