
Microsoft Visual Studio Solution File, Format Version 12.00
# Visual Studio 14
VisualStudioVersion = 14.0.25123.0
MinimumVisualStudioVersion = 10.0.40219.1
Project("{FAE04EC0-301F-11D3-BF4B-00C04F79EFBC}") = "HomeWork_BankClient", "HomeWork_BankClient.csproj", "{A5E9E1E1-AB55-4123-AE18-EE2603BD5505}"
EndProject
Project("{FAE04EC0-301F-11D3-BF4B-00C04F79EFBC}") = "Tests", "Tests\Tests.csproj", "{9608EBA3-64A6-408C-BFE6-FD80455409CC}"
EndProject
Global
	GlobalSection(SolutionConfigurationPlatforms) = preSolution
		Debug|Any CPU = Debug|Any CPU
		Release|Any CPU = Release|Any CPU
	EndGlobalSection
	GlobalSection(ProjectConfigurationPlatforms) = postSolution
		{A5E9E1E1-AB55-4123-AE18-EE2603BD5505}.Debug|Any CPU.ActiveCfg = Debug|Any CPU
		{A5E9E1E1-AB55-4123-AE18-EE2603BD5505}.Debug|Any CPU.Build.0 = Debug|Any CPU
		{A5E9E1E1-AB55-4123-AE18-EE2603BD5505}.Release|Any CPU.ActiveCfg = Release|Any CPU
		{A5E9E1E1-AB55-4123-AE18-EE2603BD5505}.Release|Any CPU.Build.0 = Release|Any CPU
		{9608EBA3-64A6-408C-BFE6-FD80455409CC}.Debug|Any CPU.ActiveCfg = Debug|Any CPU
		{9608EBA3-64A6-408C-BFE6-FD80455409CC}.Debug|Any CPU.Build.0 = Debug|Any CPU
		{9608EBA3-64A6-408C-BFE6-FD80455409CC}.Release|Any CPU.ActiveCfg = Release|Any CPU
		{9608EBA3-64A6-408C-BFE6-FD80455409CC}.Release|Any CPU.Build.0 = Release|Any CPU
	EndGlobalSection
	GlobalSection(SolutionProperties) = preSolution
		HideSolutionNode = FALSE
	EndGlobalSection
EndGlobal
